<?xml version="1.0" encoding="utf-8"?>
<Project ToolsVersion="4.0" xmlns="http://schemas.microsoft.com/developer/msbuild/2003">
  <ItemGroup>
    <ClCompile Include="Bag.cpp" />
    <ClCompile Include="Blocks.cpp" />
    <ClCompile Include="Front.cpp" />
    <ClCompile Include="Main.cpp" />
    <ClCompile Include="Render.cpp" />
    <ClCompile Include="SDLConnector.cpp" />
    <ClCompile Include="Tetris.cpp" />
  </ItemGroup>
  <ItemGroup>
    <ClInclude Include="Bag.hpp">
      <Filter>Header Files</Filter>
    </ClInclude>
    <ClInclude Include="Blocks.hpp">
      <Filter>Header Files</Filter>
    </ClInclude>
    <ClInclude Include="Colors.hpp">
      <Filter>Header Files</Filter>
    </ClInclude>
    <ClInclude Include="Front.hpp">
      <Filter>Header Files</Filter>
    </ClInclude>
    <ClInclude Include="Render.hpp">
      <Filter>Header Files</Filter>
    </ClInclude>
    <ClInclude Include="SDLConnector.hpp">
      <Filter>Header Files</Filter>
    </ClInclude>
    <ClInclude Include="Tetris.hpp">
      <Filter>Header Files</Filter>
    </ClInclude>
  </ItemGroup>
  <ItemGroup>
    <Font Include="Resources\fonts\Lora-Regular.ttf">
      <Filter>Resources</Filter>
    </Font>
    <Font Include="Resources\fonts\munro.ttf">
      <Filter>Resources</Filter>
    </Font>
    <Font Include="Resources\fonts\munro-narrow.ttf">
      <Filter>Resources</Filter>
    </Font>
    <Font Include="Resources\fonts\munro-small.ttf">
      <Filter>Resources</Filter>
    </Font>
    <Font Include="Resources\fonts\PixelForce.ttf">
      <Filter>Resources</Filter>
    </Font>
    <Font Include="Resources\fonts\PressStart2P.ttf">
      <Filter>Resources</Filter>
    </Font>
    <Font Include="Resources\fonts\slkscr.ttf">
      <Filter>Resources</Filter>
    </Font>
    <Font Include="Resources\fonts\slkscre.ttf">
      <Filter>Resources</Filter>
    </Font>
  </ItemGroup>
  <ItemGroup>
    <Filter Include="Resources">
      <UniqueIdentifier>{737d2b53-7ed1-4ea6-bc2e-aba142d1d0ee}</UniqueIdentifier>
    </Filter>
    <Filter Include="Header Files">
      <UniqueIdentifier>{dd6b4ac0-caf2-46c1-be05-fcaf8dd45ff4}</UniqueIdentifier>
    </Filter>
  </ItemGroup>
  <ItemGroup>
    <Image Include="Resources\PieceReference.png">
      <Filter>Resources</Filter>
    </Image>
  </ItemGroup>
</Project>